
Microsoft Visual Studio Solution File, Format Version 11.00
# Visual Studio 2010
Project("{FAE04EC0-301F-11D3-BF4B-00C04F79EFBC}") = "drone rl ver_1", "Assembly-CSharp.csproj", "{0BA86F3C-F9F3-0159-BD6D-1A218F16AFD7}"
EndProject
Project("{FAE04EC0-301F-11D3-BF4B-00C04F79EFBC}") = "drone rl ver_1", "Assembly-CSharp-Editor.csproj", "{22963D43-70BB-1F05-CC42-111ABE8BBE0C}"
EndProject
Global
	GlobalSection(SolutionConfigurationPlatforms) = preSolution
		Debug|Any CPU = Debug|Any CPU
		Release|Any CPU = Release|Any CPU
	EndGlobalSection
	GlobalSection(ProjectConfigurationPlatforms) = postSolution
		{0BA86F3C-F9F3-0159-BD6D-1A218F16AFD7}.Debug|Any CPU.ActiveCfg = Debug|Any CPU
		{0BA86F3C-F9F3-0159-BD6D-1A218F16AFD7}.Debug|Any CPU.Build.0 = Debug|Any CPU
		{0BA86F3C-F9F3-0159-BD6D-1A218F16AFD7}.Release|Any CPU.ActiveCfg = Release|Any CPU
		{0BA86F3C-F9F3-0159-BD6D-1A218F16AFD7}.Release|Any CPU.Build.0 = Release|Any CPU
		{22963D43-70BB-1F05-CC42-111ABE8BBE0C}.Debug|Any CPU.ActiveCfg = Debug|Any CPU
		{22963D43-70BB-1F05-CC42-111ABE8BBE0C}.Debug|Any CPU.Build.0 = Debug|Any CPU
		{22963D43-70BB-1F05-CC42-111ABE8BBE0C}.Release|Any CPU.ActiveCfg = Release|Any CPU
		{22963D43-70BB-1F05-CC42-111ABE8BBE0C}.Release|Any CPU.Build.0 = Release|Any CPU
	EndGlobalSection
	GlobalSection(SolutionProperties) = preSolution
		HideSolutionNode = FALSE
	EndGlobalSection
	GlobalSection(MonoDevelopProperties) = preSolution
		StartupItem = Assembly-CSharp.csproj
	EndGlobalSection
EndGlobal
