
Microsoft Visual Studio Solution File, Format Version 12.00
# Visual Studio 2017
Project("{FAE04EC0-301F-11D3-BF4B-00C04F79EFBC}") = "1.roll a ball", "1.roll a ball.csproj", "{DDA027A8-EDA4-C50F-0F96-78FCBA39F45F}"
EndProject
Global
	GlobalSection(SolutionConfigurationPlatforms) = preSolution
		Debug|Any CPU = Debug|Any CPU
		Release|Any CPU = Release|Any CPU
	EndGlobalSection
	GlobalSection(ProjectConfigurationPlatforms) = postSolution
		{DDA027A8-EDA4-C50F-0F96-78FCBA39F45F}.Debug|Any CPU.ActiveCfg = Debug|Any CPU
		{DDA027A8-EDA4-C50F-0F96-78FCBA39F45F}.Debug|Any CPU.Build.0 = Debug|Any CPU
		{DDA027A8-EDA4-C50F-0F96-78FCBA39F45F}.Release|Any CPU.ActiveCfg = Release|Any CPU
		{DDA027A8-EDA4-C50F-0F96-78FCBA39F45F}.Release|Any CPU.Build.0 = Release|Any CPU
	EndGlobalSection
	GlobalSection(SolutionProperties) = preSolution
		HideSolutionNode = FALSE
	EndGlobalSection
EndGlobal
