
Microsoft Visual Studio Solution File, Format Version 11.00
# Visual Studio 2010
Project("{FAE04EC0-301F-11D3-BF4B-00C04F79EFBC}") = "5. Sample rein_learning ver4 (random movement)", "Assembly-CSharp.csproj", "{EB8ED704-9D42-FE80-1A03-3A070F2A9BB6}"
EndProject
Project("{FAE04EC0-301F-11D3-BF4B-00C04F79EFBC}") = "5. Sample rein_learning ver4 (random movement)", "Assembly-CSharp-Editor.csproj", "{A7482A4D-A043-0308-CA33-C0F6BE797D84}"
EndProject
Global
	GlobalSection(SolutionConfigurationPlatforms) = preSolution
		Debug|Any CPU = Debug|Any CPU
		Release|Any CPU = Release|Any CPU
	EndGlobalSection
	GlobalSection(ProjectConfigurationPlatforms) = postSolution
		{EB8ED704-9D42-FE80-1A03-3A070F2A9BB6}.Debug|Any CPU.ActiveCfg = Debug|Any CPU
		{EB8ED704-9D42-FE80-1A03-3A070F2A9BB6}.Debug|Any CPU.Build.0 = Debug|Any CPU
		{EB8ED704-9D42-FE80-1A03-3A070F2A9BB6}.Release|Any CPU.ActiveCfg = Release|Any CPU
		{EB8ED704-9D42-FE80-1A03-3A070F2A9BB6}.Release|Any CPU.Build.0 = Release|Any CPU
		{A7482A4D-A043-0308-CA33-C0F6BE797D84}.Debug|Any CPU.ActiveCfg = Debug|Any CPU
		{A7482A4D-A043-0308-CA33-C0F6BE797D84}.Debug|Any CPU.Build.0 = Debug|Any CPU
		{A7482A4D-A043-0308-CA33-C0F6BE797D84}.Release|Any CPU.ActiveCfg = Release|Any CPU
		{A7482A4D-A043-0308-CA33-C0F6BE797D84}.Release|Any CPU.Build.0 = Release|Any CPU
	EndGlobalSection
	GlobalSection(SolutionProperties) = preSolution
		HideSolutionNode = FALSE
	EndGlobalSection
	GlobalSection(MonoDevelopProperties) = preSolution
		StartupItem = Assembly-CSharp.csproj
	EndGlobalSection
EndGlobal
