
Microsoft Visual Studio Solution File, Format Version 12.00
# Visual Studio 2017
Project("{FAE04EC0-301F-11D3-BF4B-00C04F79EFBC}") = "Sample rein_learning", "Sample rein_learning.csproj", "{06E2ED68-3AC8-6D39-AFC2-E8A366BC7E11}"
EndProject
Global
	GlobalSection(SolutionConfigurationPlatforms) = preSolution
		Debug|Any CPU = Debug|Any CPU
		Release|Any CPU = Release|Any CPU
	EndGlobalSection
	GlobalSection(ProjectConfigurationPlatforms) = postSolution
		{06E2ED68-3AC8-6D39-AFC2-E8A366BC7E11}.Debug|Any CPU.ActiveCfg = Debug|Any CPU
		{06E2ED68-3AC8-6D39-AFC2-E8A366BC7E11}.Debug|Any CPU.Build.0 = Debug|Any CPU
		{06E2ED68-3AC8-6D39-AFC2-E8A366BC7E11}.Release|Any CPU.ActiveCfg = Release|Any CPU
		{06E2ED68-3AC8-6D39-AFC2-E8A366BC7E11}.Release|Any CPU.Build.0 = Release|Any CPU
	EndGlobalSection
	GlobalSection(SolutionProperties) = preSolution
		HideSolutionNode = FALSE
	EndGlobalSection
EndGlobal
