
Microsoft Visual Studio Solution File, Format Version 11.00
# Visual Studio 2010
Project("{FAE04EC0-301F-11D3-BF4B-00C04F79EFBC}") = "2. Sample rein_learning ver2 (playable)", "Assembly-CSharp.csproj", "{A2EC811E-6A9B-3EA0-3F34-29C512F80DF4}"
EndProject
Global
	GlobalSection(SolutionConfigurationPlatforms) = preSolution
		Debug|Any CPU = Debug|Any CPU
		Release|Any CPU = Release|Any CPU
	EndGlobalSection
	GlobalSection(ProjectConfigurationPlatforms) = postSolution
		{A2EC811E-6A9B-3EA0-3F34-29C512F80DF4}.Debug|Any CPU.ActiveCfg = Debug|Any CPU
		{A2EC811E-6A9B-3EA0-3F34-29C512F80DF4}.Debug|Any CPU.Build.0 = Debug|Any CPU
		{A2EC811E-6A9B-3EA0-3F34-29C512F80DF4}.Release|Any CPU.ActiveCfg = Release|Any CPU
		{A2EC811E-6A9B-3EA0-3F34-29C512F80DF4}.Release|Any CPU.Build.0 = Release|Any CPU
	EndGlobalSection
	GlobalSection(SolutionProperties) = preSolution
		HideSolutionNode = FALSE
	EndGlobalSection
	GlobalSection(MonoDevelopProperties) = preSolution
		StartupItem = Assembly-CSharp.csproj
	EndGlobalSection
EndGlobal
